
Microsoft Visual Studio Solution File, Format Version 12.00
# Visual Studio Version 17
VisualStudioVersion = 17.4.33110.190
MinimumVisualStudioVersion = 10.0.40219.1
Project("{FAE04EC0-301F-11D3-BF4B-00C04F79EFBC}") = "GraphQlDirector", "GraphQlDirector\GraphQlDirector.csproj", "{AEBFEF46-68C5-4957-9C13-3423D2278F32}"
EndProject
Global
	GlobalSection(SolutionConfigurationPlatforms) = preSolution
		Debug|Any CPU = Debug|Any CPU
		Release|Any CPU = Release|Any CPU
	EndGlobalSection
	GlobalSection(ProjectConfigurationPlatforms) = postSolution
		{AEBFEF46-68C5-4957-9C13-3423D2278F32}.Debug|Any CPU.ActiveCfg = Debug|Any CPU
		{AEBFEF46-68C5-4957-9C13-3423D2278F32}.Debug|Any CPU.Build.0 = Debug|Any CPU
		{AEBFEF46-68C5-4957-9C13-3423D2278F32}.Release|Any CPU.ActiveCfg = Release|Any CPU
		{AEBFEF46-68C5-4957-9C13-3423D2278F32}.Release|Any CPU.Build.0 = Release|Any CPU
	EndGlobalSection
	GlobalSection(SolutionProperties) = preSolution
		HideSolutionNode = FALSE
	EndGlobalSection
	GlobalSection(ExtensibilityGlobals) = postSolution
		SolutionGuid = {FAE43334-EDFB-4949-9446-4C84501050F1}
	EndGlobalSection
EndGlobal
